// !$*UTF8*$!
{
	archiveVersion = 1;
	classes = {
	};
	objectVersion = 56;
	objects = {

/* Begin PBXBuildFile section */
		D1AA678A2A6E5BA60069DD7F /* RegularExpression.swift in Sources */ = {isa = PBXBuildFile; fileRef = D1AA67892A6E5BA60069DD7F /* RegularExpression.swift */; };
		D1E7519B2A615E67000333C0 /* IRTest.docc in Sources */ = {isa = PBXBuildFile; fileRef = D1E7519A2A615E67000333C0 /* IRTest.docc */; };
		D1E751A12A615E67000333C0 /* IRTest.framework in Frameworks */ = {isa = PBXBuildFile; fileRef = D1E751962A615E67000333C0 /* IRTest.framework */; };
		D1E751A62A615E67000333C0 /* IRTestTests.swift in Sources */ = {isa = PBXBuildFile; fileRef = D1E751A52A615E67000333C0 /* IRTestTests.swift */; };
		D1E751A72A615E67000333C0 /* IRTest.h in Headers */ = {isa = PBXBuildFile; fileRef = D1E751992A615E67000333C0 /* IRTest.h */; settings = {ATTRIBUTES = (Public, ); }; };
		D1E751B22A65860F000333C0 /* Person.swift in Sources */ = {isa = PBXBuildFile; fileRef = D1E751B12A65860F000333C0 /* Person.swift */; };
		D1E751B42A658674000333C0 /* IRUITests.swift in Sources */ = {isa = PBXBuildFile; fileRef = D1E751B32A658674000333C0 /* IRUITests.swift */; };
		D1E751B62A658699000333C0 /* IRExampleGroupTests.swift in Sources */ = {isa = PBXBuildFile; fileRef = D1E751B52A658699000333C0 /* IRExampleGroupTests.swift */; };
		D1E751B82A658725000333C0 /* Example.swift in Sources */ = {isa = PBXBuildFile; fileRef = D1E751B72A658725000333C0 /* Example.swift */; };
		D1E751BA2A658734000333C0 /* ExampleGroup.swift in Sources */ = {isa = PBXBuildFile; fileRef = D1E751B92A658734000333C0 /* ExampleGroup.swift */; };
		D1E751BE2A67EF11000333C0 /* Expectation.swift in Sources */ = {isa = PBXBuildFile; fileRef = D1E751BD2A67EF11000333C0 /* Expectation.swift */; };
		D1E751C02A67EF40000333C0 /* Actual.swift in Sources */ = {isa = PBXBuildFile; fileRef = D1E751BF2A67EF40000333C0 /* Actual.swift */; };
		D1E751C22A67EF64000333C0 /* Matcher.swift in Sources */ = {isa = PBXBuildFile; fileRef = D1E751C12A67EF64000333C0 /* Matcher.swift */; };
		D1E751C42A680E81000333C0 /* Poet.swift in Sources */ = {isa = PBXBuildFile; fileRef = D1E751C32A680E81000333C0 /* Poet.swift */; };
		D1E751C62A680F8D000333C0 /* Equal.swift in Sources */ = {isa = PBXBuildFile; fileRef = D1E751C52A680F8D000333C0 /* Equal.swift */; };
		D1E751C82A682EE6000333C0 /* Contain.swift in Sources */ = {isa = PBXBuildFile; fileRef = D1E751C72A682EE6000333C0 /* Contain.swift */; };
		D1E751CA2A68BBCD000333C0 /* AsynchronousExpectation.swift in Sources */ = {isa = PBXBuildFile; fileRef = D1E751C92A68BBCD000333C0 /* AsynchronousExpectation.swift */; };
		D1E751CC2A68C079000333C0 /* BeTrue.swift in Sources */ = {isa = PBXBuildFile; fileRef = D1E751CB2A68C079000333C0 /* BeTrue.swift */; };
/* End PBXBuildFile section */

/* Begin PBXContainerItemProxy section */
		D1E751A22A615E67000333C0 /* PBXContainerItemProxy */ = {
			isa = PBXContainerItemProxy;
			containerPortal = D1E7518D2A615E67000333C0 /* Project object */;
			proxyType = 1;
			remoteGlobalIDString = D1E751952A615E67000333C0;
			remoteInfo = IRTest;
		};
/* End PBXContainerItemProxy section */

/* Begin PBXFileReference section */
		D1AA67892A6E5BA60069DD7F /* RegularExpression.swift */ = {isa = PBXFileReference; lastKnownFileType = sourcecode.swift; path = RegularExpression.swift; sourceTree = "<group>"; };
		D1E751962A615E67000333C0 /* IRTest.framework */ = {isa = PBXFileReference; explicitFileType = wrapper.framework; includeInIndex = 0; path = IRTest.framework; sourceTree = BUILT_PRODUCTS_DIR; };
		D1E751992A615E67000333C0 /* IRTest.h */ = {isa = PBXFileReference; lastKnownFileType = sourcecode.c.h; path = IRTest.h; sourceTree = "<group>"; };
		D1E7519A2A615E67000333C0 /* IRTest.docc */ = {isa = PBXFileReference; lastKnownFileType = folder.documentationcatalog; path = IRTest.docc; sourceTree = "<group>"; };
		D1E751A02A615E67000333C0 /* IRTestTests.xctest */ = {isa = PBXFileReference; explicitFileType = wrapper.cfbundle; includeInIndex = 0; path = IRTestTests.xctest; sourceTree = BUILT_PRODUCTS_DIR; };
		D1E751A52A615E67000333C0 /* IRTestTests.swift */ = {isa = PBXFileReference; lastKnownFileType = sourcecode.swift; path = IRTestTests.swift; sourceTree = "<group>"; };
		D1E751B12A65860F000333C0 /* Person.swift */ = {isa = PBXFileReference; lastKnownFileType = sourcecode.swift; path = Person.swift; sourceTree = "<group>"; };
		D1E751B32A658674000333C0 /* IRUITests.swift */ = {isa = PBXFileReference; lastKnownFileType = sourcecode.swift; path = IRUITests.swift; sourceTree = "<group>"; };
		D1E751B52A658699000333C0 /* IRExampleGroupTests.swift */ = {isa = PBXFileReference; lastKnownFileType = sourcecode.swift; path = IRExampleGroupTests.swift; sourceTree = "<group>"; };
		D1E751B72A658725000333C0 /* Example.swift */ = {isa = PBXFileReference; lastKnownFileType = sourcecode.swift; path = Example.swift; sourceTree = "<group>"; };
		D1E751B92A658734000333C0 /* ExampleGroup.swift */ = {isa = PBXFileReference; lastKnownFileType = sourcecode.swift; path = ExampleGroup.swift; sourceTree = "<group>"; };
		D1E751BD2A67EF11000333C0 /* Expectation.swift */ = {isa = PBXFileReference; lastKnownFileType = sourcecode.swift; path = Expectation.swift; sourceTree = "<group>"; };
		D1E751BF2A67EF40000333C0 /* Actual.swift */ = {isa = PBXFileReference; lastKnownFileType = sourcecode.swift; path = Actual.swift; sourceTree = "<group>"; };
		D1E751C12A67EF64000333C0 /* Matcher.swift */ = {isa = PBXFileReference; lastKnownFileType = sourcecode.swift; path = Matcher.swift; sourceTree = "<group>"; };
		D1E751C32A680E81000333C0 /* Poet.swift */ = {isa = PBXFileReference; lastKnownFileType = sourcecode.swift; path = Poet.swift; sourceTree = "<group>"; };
		D1E751C52A680F8D000333C0 /* Equal.swift */ = {isa = PBXFileReference; lastKnownFileType = sourcecode.swift; path = Equal.swift; sourceTree = "<group>"; };
		D1E751C72A682EE6000333C0 /* Contain.swift */ = {isa = PBXFileReference; lastKnownFileType = sourcecode.swift; path = Contain.swift; sourceTree = "<group>"; };
		D1E751C92A68BBCD000333C0 /* AsynchronousExpectation.swift */ = {isa = PBXFileReference; lastKnownFileType = sourcecode.swift; path = AsynchronousExpectation.swift; sourceTree = "<group>"; };
		D1E751CB2A68C079000333C0 /* BeTrue.swift */ = {isa = PBXFileReference; lastKnownFileType = sourcecode.swift; path = BeTrue.swift; sourceTree = "<group>"; };
/* End PBXFileReference section */

/* Begin PBXFrameworksBuildPhase section */
		D1E751932A615E67000333C0 /* Frameworks */ = {
			isa = PBXFrameworksBuildPhase;
			buildActionMask = 2147483647;
			files = (
			);
			runOnlyForDeploymentPostprocessing = 0;
		};
		D1E7519D2A615E67000333C0 /* Frameworks */ = {
			isa = PBXFrameworksBuildPhase;
			buildActionMask = 2147483647;
			files = (
				D1E751A12A615E67000333C0 /* IRTest.framework in Frameworks */,
			);
			runOnlyForDeploymentPostprocessing = 0;
		};
/* End PBXFrameworksBuildPhase section */

/* Begin PBXGroup section */
		D1E7518C2A615E67000333C0 = {
			isa = PBXGroup;
			children = (
				D1E751982A615E67000333C0 /* IRTest */,
				D1E751A42A615E67000333C0 /* IRTestTests */,
				D1E751972A615E67000333C0 /* Products */,
			);
			sourceTree = "<group>";
		};
		D1E751972A615E67000333C0 /* Products */ = {
			isa = PBXGroup;
			children = (
				D1E751962A615E67000333C0 /* IRTest.framework */,
				D1E751A02A615E67000333C0 /* IRTestTests.xctest */,
			);
			name = Products;
			sourceTree = "<group>";
		};
		D1E751982A615E67000333C0 /* IRTest */ = {
			isa = PBXGroup;
			children = (
				D1E751992A615E67000333C0 /* IRTest.h */,
				D1E7519A2A615E67000333C0 /* IRTest.docc */,
			);
			path = IRTest;
			sourceTree = "<group>";
		};
		D1E751A42A615E67000333C0 /* IRTestTests */ = {
			isa = PBXGroup;
			children = (
				D1E751A52A615E67000333C0 /* IRTestTests.swift */,
				D1E751B32A658674000333C0 /* IRUITests.swift */,
				D1E751B52A658699000333C0 /* IRExampleGroupTests.swift */,
				D1E751B72A658725000333C0 /* Example.swift */,
				D1E751B92A658734000333C0 /* ExampleGroup.swift */,
				D1E751BB2A67EE89000333C0 /* Expectation */,
				D1E751B02A658600000333C0 /* Data */,
			);
			path = IRTestTests;
			sourceTree = "<group>";
		};
		D1E751B02A658600000333C0 /* Data */ = {
			isa = PBXGroup;
			children = (
				D1E751B12A65860F000333C0 /* Person.swift */,
				D1E751C32A680E81000333C0 /* Poet.swift */,
			);
			path = Data;
			sourceTree = "<group>";
		};
		D1E751BB2A67EE89000333C0 /* Expectation */ = {
			isa = PBXGroup;
			children = (
				D1E751BD2A67EF11000333C0 /* Expectation.swift */,
				D1E751BF2A67EF40000333C0 /* Actual.swift */,
				D1E751C92A68BBCD000333C0 /* AsynchronousExpectation.swift */,
				D1E751BC2A67EEA4000333C0 /* Matcher */,
			);
			path = Expectation;
			sourceTree = "<group>";
		};
		D1E751BC2A67EEA4000333C0 /* Matcher */ = {
			isa = PBXGroup;
			children = (
				D1E751C12A67EF64000333C0 /* Matcher.swift */,
				D1E751CB2A68C079000333C0 /* BeTrue.swift */,
				D1E751C52A680F8D000333C0 /* Equal.swift */,
				D1E751C72A682EE6000333C0 /* Contain.swift */,
				D1AA67892A6E5BA60069DD7F /* RegularExpression.swift */,
			);
			path = Matcher;
			sourceTree = "<group>";
		};
/* End PBXGroup section */

/* Begin PBXHeadersBuildPhase section */
		D1E751912A615E67000333C0 /* Headers */ = {
			isa = PBXHeadersBuildPhase;
			buildActionMask = 2147483647;
			files = (
				D1E751A72A615E67000333C0 /* IRTest.h in Headers */,
			);
			runOnlyForDeploymentPostprocessing = 0;
		};
/* End PBXHeadersBuildPhase section */

/* Begin PBXNativeTarget section */
		D1E751952A615E67000333C0 /* IRTest */ = {
			isa = PBXNativeTarget;
			buildConfigurationList = D1E751AA2A615E67000333C0 /* Build configuration list for PBXNativeTarget "IRTest" */;
			buildPhases = (
				D1E751912A615E67000333C0 /* Headers */,
				D1E751922A615E67000333C0 /* Sources */,
				D1E751932A615E67000333C0 /* Frameworks */,
				D1E751942A615E67000333C0 /* Resources */,
			);
			buildRules = (
			);
			dependencies = (
			);
			name = IRTest;
			productName = IRTest;
			productReference = D1E751962A615E67000333C0 /* IRTest.framework */;
			productType = "com.apple.product-type.framework";
		};
		D1E7519F2A615E67000333C0 /* IRTestTests */ = {
			isa = PBXNativeTarget;
			buildConfigurationList = D1E751AD2A615E67000333C0 /* Build configuration list for PBXNativeTarget "IRTestTests" */;
			buildPhases = (
				D1E7519C2A615E67000333C0 /* Sources */,
				D1E7519D2A615E67000333C0 /* Frameworks */,
				D1E7519E2A615E67000333C0 /* Resources */,
			);
			buildRules = (
			);
			dependencies = (
				D1E751A32A615E67000333C0 /* PBXTargetDependency */,
			);
			name = IRTestTests;
			productName = IRTestTests;
			productReference = D1E751A02A615E67000333C0 /* IRTestTests.xctest */;
			productType = "com.apple.product-type.bundle.unit-test";
		};
/* End PBXNativeTarget section */

/* Begin PBXProject section */
		D1E7518D2A615E67000333C0 /* Project object */ = {
			isa = PBXProject;
			attributes = {
				BuildIndependentTargetsInParallel = 1;
				LastSwiftUpdateCheck = 1430;
				LastUpgradeCheck = 1430;
				TargetAttributes = {
					D1E751952A615E67000333C0 = {
						CreatedOnToolsVersion = 14.3.1;
					};
					D1E7519F2A615E67000333C0 = {
						CreatedOnToolsVersion = 14.3.1;
					};
				};
			};
			buildConfigurationList = D1E751902A615E67000333C0 /* Build configuration list for PBXProject "IRTest" */;
			compatibilityVersion = "Xcode 14.0";
			developmentRegion = en;
			hasScannedForEncodings = 0;
			knownRegions = (
				en,
				Base,
			);
			mainGroup = D1E7518C2A615E67000333C0;
			productRefGroup = D1E751972A615E67000333C0 /* Products */;
			projectDirPath = "";
			projectRoot = "";
			targets = (
				D1E751952A615E67000333C0 /* IRTest */,
				D1E7519F2A615E67000333C0 /* IRTestTests */,
			);
		};
/* End PBXProject section */

/* Begin PBXResourcesBuildPhase section */
		D1E751942A615E67000333C0 /* Resources */ = {
			isa = PBXResourcesBuildPhase;
			buildActionMask = 2147483647;
			files = (
			);
			runOnlyForDeploymentPostprocessing = 0;
		};
		D1E7519E2A615E67000333C0 /* Resources */ = {
			isa = PBXResourcesBuildPhase;
			buildActionMask = 2147483647;
			files = (
			);
			runOnlyForDeploymentPostprocessing = 0;
		};
/* End PBXResourcesBuildPhase section */

/* Begin PBXSourcesBuildPhase section */
		D1E751922A615E67000333C0 /* Sources */ = {
			isa = PBXSourcesBuildPhase;
			buildActionMask = 2147483647;
			files = (
				D1E7519B2A615E67000333C0 /* IRTest.docc in Sources */,
			);
			runOnlyForDeploymentPostprocessing = 0;
		};
		D1E7519C2A615E67000333C0 /* Sources */ = {
			isa = PBXSourcesBuildPhase;
			buildActionMask = 2147483647;
			files = (
				D1E751C82A682EE6000333C0 /* Contain.swift in Sources */,
				D1E751B22A65860F000333C0 /* Person.swift in Sources */,
				D1E751C02A67EF40000333C0 /* Actual.swift in Sources */,
				D1E751C62A680F8D000333C0 /* Equal.swift in Sources */,
				D1E751A62A615E67000333C0 /* IRTestTests.swift in Sources */,
				D1AA678A2A6E5BA60069DD7F /* RegularExpression.swift in Sources */,
				D1E751B42A658674000333C0 /* IRUITests.swift in Sources */,
				D1E751CC2A68C079000333C0 /* BeTrue.swift in Sources */,
				D1E751CA2A68BBCD000333C0 /* AsynchronousExpectation.swift in Sources */,
				D1E751B62A658699000333C0 /* IRExampleGroupTests.swift in Sources */,
				D1E751C42A680E81000333C0 /* Poet.swift in Sources */,
				D1E751BA2A658734000333C0 /* ExampleGroup.swift in Sources */,
				D1E751B82A658725000333C0 /* Example.swift in Sources */,
				D1E751C22A67EF64000333C0 /* Matcher.swift in Sources */,
				D1E751BE2A67EF11000333C0 /* Expectation.swift in Sources */,
			);
			runOnlyForDeploymentPostprocessing = 0;
		};
/* End PBXSourcesBuildPhase section */

/* Begin PBXTargetDependency section */
		D1E751A32A615E67000333C0 /* PBXTargetDependency */ = {
			isa = PBXTargetDependency;
			target = D1E751952A615E67000333C0 /* IRTest */;
			targetProxy = D1E751A22A615E67000333C0 /* PBXContainerItemProxy */;
		};
/* End PBXTargetDependency section */

/* Begin XCBuildConfiguration section */
		D1E751A82A615E67000333C0 /* Debug */ = {
			isa = XCBuildConfiguration;
			buildSettings = {
				ALWAYS_SEARCH_USER_PATHS = NO;
				CLANG_ANALYZER_NONNULL = YES;
				CLANG_ANALYZER_NUMBER_OBJECT_CONVERSION = YES_AGGRESSIVE;
				CLANG_CXX_LANGUAGE_STANDARD = "gnu++20";
				CLANG_ENABLE_MODULES = YES;
				CLANG_ENABLE_OBJC_ARC = YES;
				CLANG_ENABLE_OBJC_WEAK = YES;
				CLANG_WARN_BLOCK_CAPTURE_AUTORELEASING = YES;
				CLANG_WARN_BOOL_CONVERSION = YES;
				CLANG_WARN_COMMA = YES;
				CLANG_WARN_CONSTANT_CONVERSION = YES;
				CLANG_WARN_DEPRECATED_OBJC_IMPLEMENTATIONS = YES;
				CLANG_WARN_DIRECT_OBJC_ISA_USAGE = YES_ERROR;
				CLANG_WARN_DOCUMENTATION_COMMENTS = YES;
				CLANG_WARN_EMPTY_BODY = YES;
				CLANG_WARN_ENUM_CONVERSION = YES;
				CLANG_WARN_INFINITE_RECURSION = YES;
				CLANG_WARN_INT_CONVERSION = YES;
				CLANG_WARN_NON_LITERAL_NULL_CONVERSION = YES;
				CLANG_WARN_OBJC_IMPLICIT_RETAIN_SELF = YES;
				CLANG_WARN_OBJC_LITERAL_CONVERSION = YES;
				CLANG_WARN_OBJC_ROOT_CLASS = YES_ERROR;
				CLANG_WARN_QUOTED_INCLUDE_IN_FRAMEWORK_HEADER = YES;
				CLANG_WARN_RANGE_LOOP_ANALYSIS = YES;
				CLANG_WARN_STRICT_PROTOTYPES = YES;
				CLANG_WARN_SUSPICIOUS_MOVE = YES;
				CLANG_WARN_UNGUARDED_AVAILABILITY = YES_AGGRESSIVE;
				CLANG_WARN_UNREACHABLE_CODE = YES;
				CLANG_WARN__DUPLICATE_METHOD_MATCH = YES;
				COPY_PHASE_STRIP = NO;
				CURRENT_PROJECT_VERSION = 1;
				DEBUG_INFORMATION_FORMAT = dwarf;
				ENABLE_STRICT_OBJC_MSGSEND = YES;
				ENABLE_TESTABILITY = YES;
				GCC_C_LANGUAGE_STANDARD = gnu11;
				GCC_DYNAMIC_NO_PIC = NO;
				GCC_NO_COMMON_BLOCKS = YES;
				GCC_OPTIMIZATION_LEVEL = 0;
				GCC_PREPROCESSOR_DEFINITIONS = (
					"DEBUG=1",
					"$(inherited)",
				);
				GCC_WARN_64_TO_32_BIT_CONVERSION = YES;
				GCC_WARN_ABOUT_RETURN_TYPE = YES_ERROR;
				GCC_WARN_UNDECLARED_SELECTOR = YES;
				GCC_WARN_UNINITIALIZED_AUTOS = YES_AGGRESSIVE;
				GCC_WARN_UNUSED_FUNCTION = YES;
				GCC_WARN_UNUSED_VARIABLE = YES;
				IPHONEOS_DEPLOYMENT_TARGET = 16.4;
				MTL_ENABLE_DEBUG_INFO = INCLUDE_SOURCE;
				MTL_FAST_MATH = YES;
				ONLY_ACTIVE_ARCH = YES;
				SDKROOT = iphoneos;
				SWIFT_ACTIVE_COMPILATION_CONDITIONS = DEBUG;
				SWIFT_OPTIMIZATION_LEVEL = "-Onone";
				VERSIONING_SYSTEM = "apple-generic";
				VERSION_INFO_PREFIX = "";
			};
			name = Debug;
		};
		D1E751A92A615E67000333C0 /* Release */ = {
			isa = XCBuildConfiguration;
			buildSettings = {
				ALWAYS_SEARCH_USER_PATHS = NO;
				CLANG_ANALYZER_NONNULL = YES;
				CLANG_ANALYZER_NUMBER_OBJECT_CONVERSION = YES_AGGRESSIVE;
				CLANG_CXX_LANGUAGE_STANDARD = "gnu++20";
				CLANG_ENABLE_MODULES = YES;
				CLANG_ENABLE_OBJC_ARC = YES;
				CLANG_ENABLE_OBJC_WEAK = YES;
				CLANG_WARN_BLOCK_CAPTURE_AUTORELEASING = YES;
				CLANG_WARN_BOOL_CONVERSION = YES;
				CLANG_WARN_COMMA = YES;
				CLANG_WARN_CONSTANT_CONVERSION = YES;
				CLANG_WARN_DEPRECATED_OBJC_IMPLEMENTATIONS = YES;
				CLANG_WARN_DIRECT_OBJC_ISA_USAGE = YES_ERROR;
				CLANG_WARN_DOCUMENTATION_COMMENTS = YES;
				CLANG_WARN_EMPTY_BODY = YES;
				CLANG_WARN_ENUM_CONVERSION = YES;
				CLANG_WARN_INFINITE_RECURSION = YES;
				CLANG_WARN_INT_CONVERSION = YES;
				CLANG_WARN_NON_LITERAL_NULL_CONVERSION = YES;
				CLANG_WARN_OBJC_IMPLICIT_RETAIN_SELF = YES;
				CLANG_WARN_OBJC_LITERAL_CONVERSION = YES;
				CLANG_WARN_OBJC_ROOT_CLASS = YES_ERROR;
				CLANG_WARN_QUOTED_INCLUDE_IN_FRAMEWORK_HEADER = YES;
				CLANG_WARN_RANGE_LOOP_ANALYSIS = YES;
				CLANG_WARN_STRICT_PROTOTYPES = YES;
				CLANG_WARN_SUSPICIOUS_MOVE = YES;
				CLANG_WARN_UNGUARDED_AVAILABILITY = YES_AGGRESSIVE;
				CLANG_WARN_UNREACHABLE_CODE = YES;
				CLANG_WARN__DUPLICATE_METHOD_MATCH = YES;
				COPY_PHASE_STRIP = NO;
				CURRENT_PROJECT_VERSION = 1;
				DEBUG_INFORMATION_FORMAT = "dwarf-with-dsym";
				ENABLE_NS_ASSERTIONS = NO;
				ENABLE_STRICT_OBJC_MSGSEND = YES;
				GCC_C_LANGUAGE_STANDARD = gnu11;
				GCC_NO_COMMON_BLOCKS = YES;
				GCC_WARN_64_TO_32_BIT_CONVERSION = YES;
				GCC_WARN_ABOUT_RETURN_TYPE = YES_ERROR;
				GCC_WARN_UNDECLARED_SELECTOR = YES;
				GCC_WARN_UNINITIALIZED_AUTOS = YES_AGGRESSIVE;
				GCC_WARN_UNUSED_FUNCTION = YES;
				GCC_WARN_UNUSED_VARIABLE = YES;
				IPHONEOS_DEPLOYMENT_TARGET = 16.4;
				MTL_ENABLE_DEBUG_INFO = NO;
				MTL_FAST_MATH = YES;
				SDKROOT = iphoneos;
				SWIFT_COMPILATION_MODE = wholemodule;
				SWIFT_OPTIMIZATION_LEVEL = "-O";
				VALIDATE_PRODUCT = YES;
				VERSIONING_SYSTEM = "apple-generic";
				VERSION_INFO_PREFIX = "";
			};
			name = Release;
		};
		D1E751AB2A615E67000333C0 /* Debug */ = {
			isa = XCBuildConfiguration;
			buildSettings = {
				CODE_SIGN_STYLE = Automatic;
				CURRENT_PROJECT_VERSION = 1;
				DEFINES_MODULE = YES;
				DYLIB_COMPATIBILITY_VERSION = 1;
				DYLIB_CURRENT_VERSION = 1;
				DYLIB_INSTALL_NAME_BASE = "@rpath";
				ENABLE_MODULE_VERIFIER = YES;
				GENERATE_INFOPLIST_FILE = YES;
				INFOPLIST_KEY_NSHumanReadableCopyright = "";
				INSTALL_PATH = "$(LOCAL_LIBRARY_DIR)/Frameworks";
				LD_RUNPATH_SEARCH_PATHS = (
					"$(inherited)",
					"@executable_path/Frameworks",
					"@loader_path/Frameworks",
				);
				MARKETING_VERSION = 1.0;
				MODULE_VERIFIER_SUPPORTED_LANGUAGES = "objective-c objective-c++";
				MODULE_VERIFIER_SUPPORTED_LANGUAGE_STANDARDS = "gnu11 gnu++20";
				PRODUCT_BUNDLE_IDENTIFIER = com.phil.IRTest;
				PRODUCT_NAME = "$(TARGET_NAME:c99extidentifier)";
				SKIP_INSTALL = YES;
				SWIFT_EMIT_LOC_STRINGS = YES;
				SWIFT_VERSION = 5.0;
				TARGETED_DEVICE_FAMILY = "1,2";
			};
			name = Debug;
		};
		D1E751AC2A615E67000333C0 /* Release */ = {
			isa = XCBuildConfiguration;
			buildSettings = {
				CODE_SIGN_STYLE = Automatic;
				CURRENT_PROJECT_VERSION = 1;
				DEFINES_MODULE = YES;
				DYLIB_COMPATIBILITY_VERSION = 1;
				DYLIB_CURRENT_VERSION = 1;
				DYLIB_INSTALL_NAME_BASE = "@rpath";
				ENABLE_MODULE_VERIFIER = YES;
				GENERATE_INFOPLIST_FILE = YES;
				INFOPLIST_KEY_NSHumanReadableCopyright = "";
				INSTALL_PATH = "$(LOCAL_LIBRARY_DIR)/Frameworks";
				LD_RUNPATH_SEARCH_PATHS = (
					"$(inherited)",
					"@executable_path/Frameworks",
					"@loader_path/Frameworks",
				);
				MARKETING_VERSION = 1.0;
				MODULE_VERIFIER_SUPPORTED_LANGUAGES = "objective-c objective-c++";
				MODULE_VERIFIER_SUPPORTED_LANGUAGE_STANDARDS = "gnu11 gnu++20";
				PRODUCT_BUNDLE_IDENTIFIER = com.phil.IRTest;
				PRODUCT_NAME = "$(TARGET_NAME:c99extidentifier)";
				SKIP_INSTALL = YES;
				SWIFT_EMIT_LOC_STRINGS = YES;
				SWIFT_VERSION = 5.0;
				TARGETED_DEVICE_FAMILY = "1,2";
			};
			name = Release;
		};
		D1E751AE2A615E67000333C0 /* Debug */ = {
			isa = XCBuildConfiguration;
			buildSettings = {
				CODE_SIGN_STYLE = Automatic;
				CURRENT_PROJECT_VERSION = 1;
				GENERATE_INFOPLIST_FILE = YES;
				MARKETING_VERSION = 1.0;
				PRODUCT_BUNDLE_IDENTIFIER = com.phil.IRTestTests;
				PRODUCT_NAME = "$(TARGET_NAME)";
				SWIFT_EMIT_LOC_STRINGS = NO;
				SWIFT_VERSION = 5.0;
				TARGETED_DEVICE_FAMILY = "1,2";
			};
			name = Debug;
		};
		D1E751AF2A615E67000333C0 /* Release */ = {
			isa = XCBuildConfiguration;
			buildSettings = {
				CODE_SIGN_STYLE = Automatic;
				CURRENT_PROJECT_VERSION = 1;
				GENERATE_INFOPLIST_FILE = YES;
				MARKETING_VERSION = 1.0;
				PRODUCT_BUNDLE_IDENTIFIER = com.phil.IRTestTests;
				PRODUCT_NAME = "$(TARGET_NAME)";
				SWIFT_EMIT_LOC_STRINGS = NO;
				SWIFT_VERSION = 5.0;
				TARGETED_DEVICE_FAMILY = "1,2";
			};
			name = Release;
		};
/* End XCBuildConfiguration section */

/* Begin XCConfigurationList section */
		D1E751902A615E67000333C0 /* Build configuration list for PBXProject "IRTest" */ = {
			isa = XCConfigurationList;
			buildConfigurations = (
				D1E751A82A615E67000333C0 /* Debug */,
				D1E751A92A615E67000333C0 /* Release */,
			);
			defaultConfigurationIsVisible = 0;
			defaultConfigurationName = Release;
		};
		D1E751AA2A615E67000333C0 /* Build configuration list for PBXNativeTarget "IRTest" */ = {
			isa = XCConfigurationList;
			buildConfigurations = (
				D1E751AB2A615E67000333C0 /* Debug */,
				D1E751AC2A615E67000333C0 /* Release */,
			);
			defaultConfigurationIsVisible = 0;
			defaultConfigurationName = Release;
		};
		D1E751AD2A615E67000333C0 /* Build configuration list for PBXNativeTarget "IRTestTests" */ = {
			isa = XCConfigurationList;
			buildConfigurations = (
				D1E751AE2A615E67000333C0 /* Debug */,
				D1E751AF2A615E67000333C0 /* Release */,
			);
			defaultConfigurationIsVisible = 0;
			defaultConfigurationName = Release;
		};
/* End XCConfigurationList section */
	};
	rootObject = D1E7518D2A615E67000333C0 /* Project object */;
}
